
Microsoft Visual Studio Solution File, Format Version 12.00
# Visual Studio Version 17
VisualStudioVersion = 17.4.33122.133
MinimumVisualStudioVersion = 10.0.40219.1
Project("{8BC9CEB8-8B4A-11D0-8D11-00A0C91BC942}") = "PawnChess", "PawnChess.vcxproj", "{ED1CF70D-4792-47D0-A9BE-37D0E3B0C899}"
EndProject
Project("{8BC9CEB8-8B4A-11D0-8D11-00A0C91BC942}") = "PawnChessTests", "..\PawnChessTests\PawnChessTests.vcxproj", "{945EC4B4-B3EC-49BE-BBE6-D9F670DDC35A}"
EndProject
Global
	GlobalSection(SolutionConfigurationPlatforms) = preSolution
		Debug|x64 = Debug|x64
		Debug|x86 = Debug|x86
		Release|x64 = Release|x64
		Release|x86 = Release|x86
	EndGlobalSection
	GlobalSection(ProjectConfigurationPlatforms) = postSolution
		{ED1CF70D-4792-47D0-A9BE-37D0E3B0C899}.Debug|x64.ActiveCfg = Debug|x64
		{ED1CF70D-4792-47D0-A9BE-37D0E3B0C899}.Debug|x64.Build.0 = Debug|x64
		{ED1CF70D-4792-47D0-A9BE-37D0E3B0C899}.Debug|x86.ActiveCfg = Debug|Win32
		{ED1CF70D-4792-47D0-A9BE-37D0E3B0C899}.Debug|x86.Build.0 = Debug|Win32
		{ED1CF70D-4792-47D0-A9BE-37D0E3B0C899}.Release|x64.ActiveCfg = Release|x64
		{ED1CF70D-4792-47D0-A9BE-37D0E3B0C899}.Release|x64.Build.0 = Release|x64
		{ED1CF70D-4792-47D0-A9BE-37D0E3B0C899}.Release|x86.ActiveCfg = Release|Win32
		{ED1CF70D-4792-47D0-A9BE-37D0E3B0C899}.Release|x86.Build.0 = Release|Win32
		{945EC4B4-B3EC-49BE-BBE6-D9F670DDC35A}.Debug|x64.ActiveCfg = Debug|x64
		{945EC4B4-B3EC-49BE-BBE6-D9F670DDC35A}.Debug|x64.Build.0 = Debug|x64
		{945EC4B4-B3EC-49BE-BBE6-D9F670DDC35A}.Debug|x86.ActiveCfg = Debug|Win32
		{945EC4B4-B3EC-49BE-BBE6-D9F670DDC35A}.Debug|x86.Build.0 = Debug|Win32
		{945EC4B4-B3EC-49BE-BBE6-D9F670DDC35A}.Release|x64.ActiveCfg = Release|x64
		{945EC4B4-B3EC-49BE-BBE6-D9F670DDC35A}.Release|x64.Build.0 = Release|x64
		{945EC4B4-B3EC-49BE-BBE6-D9F670DDC35A}.Release|x86.ActiveCfg = Release|Win32
		{945EC4B4-B3EC-49BE-BBE6-D9F670DDC35A}.Release|x86.Build.0 = Release|Win32
	EndGlobalSection
	GlobalSection(SolutionProperties) = preSolution
		HideSolutionNode = FALSE
	EndGlobalSection
	GlobalSection(ExtensibilityGlobals) = postSolution
		SolutionGuid = {A2B7E3A9-1885-461B-A940-5918B87B2A30}
	EndGlobalSection
EndGlobal
